
Microsoft Visual Studio Solution File, Format Version 12.00
# Visual Studio Version 16
VisualStudioVersion = 16.0.29728.190
MinimumVisualStudioVersion = 10.0.40219.1
Project("{FAE04EC0-301F-11D3-BF4B-00C04F79EFBC}") = "01.Atributo", "01.aTRIBUTO\01.Atributo.csproj", "{67803BB0-68F7-46C5-B332-3969F646358A}"
EndProject
Project("{FAE04EC0-301F-11D3-BF4B-00C04F79EFBC}") = "02.Validacao", "02.Validacao\02.Validacao.csproj", "{DAF306D8-AE27-497B-8304-94BC32E0701C}"
EndProject
Project("{FAE04EC0-301F-11D3-BF4B-00C04F79EFBC}") = "03.ValidacaoCustomizadda", "03.ValidacaoCustomizadda\03.ValidacaoCustomizadda.csproj", "{F044E96F-865F-4ED0-B6A6-86442772D7E2}"
EndProject
Global
	GlobalSection(SolutionConfigurationPlatforms) = preSolution
		Debug|Any CPU = Debug|Any CPU
		Release|Any CPU = Release|Any CPU
	EndGlobalSection
	GlobalSection(ProjectConfigurationPlatforms) = postSolution
		{67803BB0-68F7-46C5-B332-3969F646358A}.Debug|Any CPU.ActiveCfg = Debug|Any CPU
		{67803BB0-68F7-46C5-B332-3969F646358A}.Debug|Any CPU.Build.0 = Debug|Any CPU
		{67803BB0-68F7-46C5-B332-3969F646358A}.Release|Any CPU.ActiveCfg = Release|Any CPU
		{67803BB0-68F7-46C5-B332-3969F646358A}.Release|Any CPU.Build.0 = Release|Any CPU
		{DAF306D8-AE27-497B-8304-94BC32E0701C}.Debug|Any CPU.ActiveCfg = Debug|Any CPU
		{DAF306D8-AE27-497B-8304-94BC32E0701C}.Debug|Any CPU.Build.0 = Debug|Any CPU
		{DAF306D8-AE27-497B-8304-94BC32E0701C}.Release|Any CPU.ActiveCfg = Release|Any CPU
		{DAF306D8-AE27-497B-8304-94BC32E0701C}.Release|Any CPU.Build.0 = Release|Any CPU
		{F044E96F-865F-4ED0-B6A6-86442772D7E2}.Debug|Any CPU.ActiveCfg = Debug|Any CPU
		{F044E96F-865F-4ED0-B6A6-86442772D7E2}.Debug|Any CPU.Build.0 = Debug|Any CPU
		{F044E96F-865F-4ED0-B6A6-86442772D7E2}.Release|Any CPU.ActiveCfg = Release|Any CPU
		{F044E96F-865F-4ED0-B6A6-86442772D7E2}.Release|Any CPU.Build.0 = Release|Any CPU
	EndGlobalSection
	GlobalSection(SolutionProperties) = preSolution
		HideSolutionNode = FALSE
	EndGlobalSection
	GlobalSection(ExtensibilityGlobals) = postSolution
		SolutionGuid = {CB91B520-B0A3-4F16-B62A-1F7F21928B66}
	EndGlobalSection
EndGlobal
